dependencies:
- name: zookeeper
  repository: http://storage.googleapis.com/kubernetes-charts-incubator
  version: 0.1.1
- name: postgresql
  repository: http://storage.googleapis.com/kubernetes-charts
  version: 0.2.0
digest: sha256:35059a9b2bc4bb9b830e1cac7c2a332e5e5b57c3b107aea75b19db49ef09aaea
generated: 2016-11-16T10:20:20.593425987+01:00
